
Microsoft Visual Studio Solution File, Format Version 12.00
# Visual Studio Version 17
VisualStudioVersion = 17.0.31903.59
MinimumVisualStudioVersion = 10.0.40219.1
Project("{2150E333-8FDC-42A3-9474-1A3956D46DE8}") = "src", "src", "{827E0CD3-B72D-47B6-A68D-7590B98EB39B}"
EndProject
Project("{FAE04EC0-301F-11D3-BF4B-00C04F79EFBC}") = "GStudio.Common", "src\GStudio.Common\GStudio.Common.csproj", "{77F10445-2E01-4986-8DAE-8F6BDB6A61C9}"
EndProject
Project("{FAE04EC0-301F-11D3-BF4B-00C04F79EFBC}") = "GStudio.Project", "src\GStudio.Project\GStudio.Project.csproj", "{F8BDB572-DB19-4044-8707-A0CD1B7B8F94}"
EndProject
Project("{FAE04EC0-301F-11D3-BF4B-00C04F79EFBC}") = "GStudio.Cinematic", "src\GStudio.Cinematic\GStudio.Cinematic.csproj", "{87415DD8-C63F-4E80-A82B-B52DBA696625}"
EndProject
Project("{FAE04EC0-301F-11D3-BF4B-00C04F79EFBC}") = "GStudio.Capture", "src\GStudio.Capture\GStudio.Capture.csproj", "{F136E4E1-B7DA-404A-90D2-D0633BFE1FB6}"
EndProject
Project("{FAE04EC0-301F-11D3-BF4B-00C04F79EFBC}") = "GStudio.Render", "src\GStudio.Render\GStudio.Render.csproj", "{C6AC33EA-F7DC-45A5-9E51-D9590198DD72}"
EndProject
Project("{FAE04EC0-301F-11D3-BF4B-00C04F79EFBC}") = "GStudio.Export", "src\GStudio.Export\GStudio.Export.csproj", "{260A889D-D644-465D-97B3-DD8FC12FC3DD}"
EndProject
Project("{FAE04EC0-301F-11D3-BF4B-00C04F79EFBC}") = "GStudio.App", "src\GStudio.App\GStudio.App.csproj", "{683081A2-FEB0-4D05-B7FD-544ABD8BE753}"
EndProject
Project("{FAE04EC0-301F-11D3-BF4B-00C04F79EFBC}") = "GStudio.Cinematic.Tests", "tests\GStudio.Cinematic.Tests\GStudio.Cinematic.Tests.csproj", "{7168CB69-6EC8-4AE3-B8F3-28C0368C8CFF}"
EndProject
Global
	GlobalSection(SolutionConfigurationPlatforms) = preSolution
		Debug|Any CPU = Debug|Any CPU
		Debug|x64 = Debug|x64
		Debug|x86 = Debug|x86
		Release|Any CPU = Release|Any CPU
		Release|x64 = Release|x64
		Release|x86 = Release|x86
	EndGlobalSection
	GlobalSection(ProjectConfigurationPlatforms) = postSolution
		{77F10445-2E01-4986-8DAE-8F6BDB6A61C9}.Debug|Any CPU.ActiveCfg = Debug|Any CPU
		{77F10445-2E01-4986-8DAE-8F6BDB6A61C9}.Debug|Any CPU.Build.0 = Debug|Any CPU
		{77F10445-2E01-4986-8DAE-8F6BDB6A61C9}.Debug|x64.ActiveCfg = Debug|Any CPU
		{77F10445-2E01-4986-8DAE-8F6BDB6A61C9}.Debug|x64.Build.0 = Debug|Any CPU
		{77F10445-2E01-4986-8DAE-8F6BDB6A61C9}.Debug|x86.ActiveCfg = Debug|Any CPU
		{77F10445-2E01-4986-8DAE-8F6BDB6A61C9}.Debug|x86.Build.0 = Debug|Any CPU
		{77F10445-2E01-4986-8DAE-8F6BDB6A61C9}.Release|Any CPU.ActiveCfg = Release|Any CPU
		{77F10445-2E01-4986-8DAE-8F6BDB6A61C9}.Release|Any CPU.Build.0 = Release|Any CPU
		{77F10445-2E01-4986-8DAE-8F6BDB6A61C9}.Release|x64.ActiveCfg = Release|Any CPU
		{77F10445-2E01-4986-8DAE-8F6BDB6A61C9}.Release|x64.Build.0 = Release|Any CPU
		{77F10445-2E01-4986-8DAE-8F6BDB6A61C9}.Release|x86.ActiveCfg = Release|Any CPU
		{77F10445-2E01-4986-8DAE-8F6BDB6A61C9}.Release|x86.Build.0 = Release|Any CPU
		{F8BDB572-DB19-4044-8707-A0CD1B7B8F94}.Debug|Any CPU.ActiveCfg = Debug|Any CPU
		{F8BDB572-DB19-4044-8707-A0CD1B7B8F94}.Debug|Any CPU.Build.0 = Debug|Any CPU
		{F8BDB572-DB19-4044-8707-A0CD1B7B8F94}.Debug|x64.ActiveCfg = Debug|Any CPU
		{F8BDB572-DB19-4044-8707-A0CD1B7B8F94}.Debug|x64.Build.0 = Debug|Any CPU
		{F8BDB572-DB19-4044-8707-A0CD1B7B8F94}.Debug|x86.ActiveCfg = Debug|Any CPU
		{F8BDB572-DB19-4044-8707-A0CD1B7B8F94}.Debug|x86.Build.0 = Debug|Any CPU
		{F8BDB572-DB19-4044-8707-A0CD1B7B8F94}.Release|Any CPU.ActiveCfg = Release|Any CPU
		{F8BDB572-DB19-4044-8707-A0CD1B7B8F94}.Release|Any CPU.Build.0 = Release|Any CPU
		{F8BDB572-DB19-4044-8707-A0CD1B7B8F94}.Release|x64.ActiveCfg = Release|Any CPU
		{F8BDB572-DB19-4044-8707-A0CD1B7B8F94}.Release|x64.Build.0 = Release|Any CPU
		{F8BDB572-DB19-4044-8707-A0CD1B7B8F94}.Release|x86.ActiveCfg = Release|Any CPU
		{F8BDB572-DB19-4044-8707-A0CD1B7B8F94}.Release|x86.Build.0 = Release|Any CPU
		{87415DD8-C63F-4E80-A82B-B52DBA696625}.Debug|Any CPU.ActiveCfg = Debug|Any CPU
		{87415DD8-C63F-4E80-A82B-B52DBA696625}.Debug|Any CPU.Build.0 = Debug|Any CPU
		{87415DD8-C63F-4E80-A82B-B52DBA696625}.Debug|x64.ActiveCfg = Debug|Any CPU
		{87415DD8-C63F-4E80-A82B-B52DBA696625}.Debug|x64.Build.0 = Debug|Any CPU
		{87415DD8-C63F-4E80-A82B-B52DBA696625}.Debug|x86.ActiveCfg = Debug|Any CPU
		{87415DD8-C63F-4E80-A82B-B52DBA696625}.Debug|x86.Build.0 = Debug|Any CPU
		{87415DD8-C63F-4E80-A82B-B52DBA696625}.Release|Any CPU.ActiveCfg = Release|Any CPU
		{87415DD8-C63F-4E80-A82B-B52DBA696625}.Release|Any CPU.Build.0 = Release|Any CPU
		{87415DD8-C63F-4E80-A82B-B52DBA696625}.Release|x64.ActiveCfg = Release|Any CPU
		{87415DD8-C63F-4E80-A82B-B52DBA696625}.Release|x64.Build.0 = Release|Any CPU
		{87415DD8-C63F-4E80-A82B-B52DBA696625}.Release|x86.ActiveCfg = Release|Any CPU
		{87415DD8-C63F-4E80-A82B-B52DBA696625}.Release|x86.Build.0 = Release|Any CPU
		{F136E4E1-B7DA-404A-90D2-D0633BFE1FB6}.Debug|Any CPU.ActiveCfg = Debug|Any CPU
		{F136E4E1-B7DA-404A-90D2-D0633BFE1FB6}.Debug|Any CPU.Build.0 = Debug|Any CPU
		{F136E4E1-B7DA-404A-90D2-D0633BFE1FB6}.Debug|x64.ActiveCfg = Debug|Any CPU
		{F136E4E1-B7DA-404A-90D2-D0633BFE1FB6}.Debug|x64.Build.0 = Debug|Any CPU
		{F136E4E1-B7DA-404A-90D2-D0633BFE1FB6}.Debug|x86.ActiveCfg = Debug|Any CPU
		{F136E4E1-B7DA-404A-90D2-D0633BFE1FB6}.Debug|x86.Build.0 = Debug|Any CPU
		{F136E4E1-B7DA-404A-90D2-D0633BFE1FB6}.Release|Any CPU.ActiveCfg = Release|Any CPU
		{F136E4E1-B7DA-404A-90D2-D0633BFE1FB6}.Release|Any CPU.Build.0 = Release|Any CPU
		{F136E4E1-B7DA-404A-90D2-D0633BFE1FB6}.Release|x64.ActiveCfg = Release|Any CPU
		{F136E4E1-B7DA-404A-90D2-D0633BFE1FB6}.Release|x64.Build.0 = Release|Any CPU
		{F136E4E1-B7DA-404A-90D2-D0633BFE1FB6}.Release|x86.ActiveCfg = Release|Any CPU
		{F136E4E1-B7DA-404A-90D2-D0633BFE1FB6}.Release|x86.Build.0 = Release|Any CPU
		{C6AC33EA-F7DC-45A5-9E51-D9590198DD72}.Debug|Any CPU.ActiveCfg = Debug|Any CPU
		{C6AC33EA-F7DC-45A5-9E51-D9590198DD72}.Debug|Any CPU.Build.0 = Debug|Any CPU
		{C6AC33EA-F7DC-45A5-9E51-D9590198DD72}.Debug|x64.ActiveCfg = Debug|Any CPU
		{C6AC33EA-F7DC-45A5-9E51-D9590198DD72}.Debug|x64.Build.0 = Debug|Any CPU
		{C6AC33EA-F7DC-45A5-9E51-D9590198DD72}.Debug|x86.ActiveCfg = Debug|Any CPU
		{C6AC33EA-F7DC-45A5-9E51-D9590198DD72}.Debug|x86.Build.0 = Debug|Any CPU
		{C6AC33EA-F7DC-45A5-9E51-D9590198DD72}.Release|Any CPU.ActiveCfg = Release|Any CPU
		{C6AC33EA-F7DC-45A5-9E51-D9590198DD72}.Release|Any CPU.Build.0 = Release|Any CPU
		{C6AC33EA-F7DC-45A5-9E51-D9590198DD72}.Release|x64.ActiveCfg = Release|Any CPU
		{C6AC33EA-F7DC-45A5-9E51-D9590198DD72}.Release|x64.Build.0 = Release|Any CPU
		{C6AC33EA-F7DC-45A5-9E51-D9590198DD72}.Release|x86.ActiveCfg = Release|Any CPU
		{C6AC33EA-F7DC-45A5-9E51-D9590198DD72}.Release|x86.Build.0 = Release|Any CPU
		{260A889D-D644-465D-97B3-DD8FC12FC3DD}.Debug|Any CPU.ActiveCfg = Debug|Any CPU
		{260A889D-D644-465D-97B3-DD8FC12FC3DD}.Debug|Any CPU.Build.0 = Debug|Any CPU
		{260A889D-D644-465D-97B3-DD8FC12FC3DD}.Debug|x64.ActiveCfg = Debug|Any CPU
		{260A889D-D644-465D-97B3-DD8FC12FC3DD}.Debug|x64.Build.0 = Debug|Any CPU
		{260A889D-D644-465D-97B3-DD8FC12FC3DD}.Debug|x86.ActiveCfg = Debug|Any CPU
		{260A889D-D644-465D-97B3-DD8FC12FC3DD}.Debug|x86.Build.0 = Debug|Any CPU
		{260A889D-D644-465D-97B3-DD8FC12FC3DD}.Release|Any CPU.ActiveCfg = Release|Any CPU
		{260A889D-D644-465D-97B3-DD8FC12FC3DD}.Release|Any CPU.Build.0 = Release|Any CPU
		{260A889D-D644-465D-97B3-DD8FC12FC3DD}.Release|x64.ActiveCfg = Release|Any CPU
		{260A889D-D644-465D-97B3-DD8FC12FC3DD}.Release|x64.Build.0 = Release|Any CPU
		{260A889D-D644-465D-97B3-DD8FC12FC3DD}.Release|x86.ActiveCfg = Release|Any CPU
		{260A889D-D644-465D-97B3-DD8FC12FC3DD}.Release|x86.Build.0 = Release|Any CPU
		{683081A2-FEB0-4D05-B7FD-544ABD8BE753}.Debug|Any CPU.ActiveCfg = Debug|Any CPU
		{683081A2-FEB0-4D05-B7FD-544ABD8BE753}.Debug|Any CPU.Build.0 = Debug|Any CPU
		{683081A2-FEB0-4D05-B7FD-544ABD8BE753}.Debug|x64.ActiveCfg = Debug|Any CPU
		{683081A2-FEB0-4D05-B7FD-544ABD8BE753}.Debug|x64.Build.0 = Debug|Any CPU
		{683081A2-FEB0-4D05-B7FD-544ABD8BE753}.Debug|x86.ActiveCfg = Debug|Any CPU
		{683081A2-FEB0-4D05-B7FD-544ABD8BE753}.Debug|x86.Build.0 = Debug|Any CPU
		{683081A2-FEB0-4D05-B7FD-544ABD8BE753}.Release|Any CPU.ActiveCfg = Release|Any CPU
		{683081A2-FEB0-4D05-B7FD-544ABD8BE753}.Release|Any CPU.Build.0 = Release|Any CPU
		{683081A2-FEB0-4D05-B7FD-544ABD8BE753}.Release|x64.ActiveCfg = Release|Any CPU
		{683081A2-FEB0-4D05-B7FD-544ABD8BE753}.Release|x64.Build.0 = Release|Any CPU
		{683081A2-FEB0-4D05-B7FD-544ABD8BE753}.Release|x86.ActiveCfg = Release|Any CPU
		{683081A2-FEB0-4D05-B7FD-544ABD8BE753}.Release|x86.Build.0 = Release|Any CPU
		{7168CB69-6EC8-4AE3-B8F3-28C0368C8CFF}.Debug|Any CPU.ActiveCfg = Debug|Any CPU
		{7168CB69-6EC8-4AE3-B8F3-28C0368C8CFF}.Debug|Any CPU.Build.0 = Debug|Any CPU
		{7168CB69-6EC8-4AE3-B8F3-28C0368C8CFF}.Debug|x64.ActiveCfg = Debug|Any CPU
		{7168CB69-6EC8-4AE3-B8F3-28C0368C8CFF}.Debug|x64.Build.0 = Debug|Any CPU
		{7168CB69-6EC8-4AE3-B8F3-28C0368C8CFF}.Debug|x86.ActiveCfg = Debug|Any CPU
		{7168CB69-6EC8-4AE3-B8F3-28C0368C8CFF}.Debug|x86.Build.0 = Debug|Any CPU
		{7168CB69-6EC8-4AE3-B8F3-28C0368C8CFF}.Release|Any CPU.ActiveCfg = Release|Any CPU
		{7168CB69-6EC8-4AE3-B8F3-28C0368C8CFF}.Release|Any CPU.Build.0 = Release|Any CPU
		{7168CB69-6EC8-4AE3-B8F3-28C0368C8CFF}.Release|x64.ActiveCfg = Release|Any CPU
		{7168CB69-6EC8-4AE3-B8F3-28C0368C8CFF}.Release|x64.Build.0 = Release|Any CPU
		{7168CB69-6EC8-4AE3-B8F3-28C0368C8CFF}.Release|x86.ActiveCfg = Release|Any CPU
		{7168CB69-6EC8-4AE3-B8F3-28C0368C8CFF}.Release|x86.Build.0 = Release|Any CPU
	EndGlobalSection
	GlobalSection(SolutionProperties) = preSolution
		HideSolutionNode = FALSE
	EndGlobalSection
	GlobalSection(NestedProjects) = preSolution
		{77F10445-2E01-4986-8DAE-8F6BDB6A61C9} = {827E0CD3-B72D-47B6-A68D-7590B98EB39B}
		{F8BDB572-DB19-4044-8707-A0CD1B7B8F94} = {827E0CD3-B72D-47B6-A68D-7590B98EB39B}
		{87415DD8-C63F-4E80-A82B-B52DBA696625} = {827E0CD3-B72D-47B6-A68D-7590B98EB39B}
		{F136E4E1-B7DA-404A-90D2-D0633BFE1FB6} = {827E0CD3-B72D-47B6-A68D-7590B98EB39B}
		{C6AC33EA-F7DC-45A5-9E51-D9590198DD72} = {827E0CD3-B72D-47B6-A68D-7590B98EB39B}
		{260A889D-D644-465D-97B3-DD8FC12FC3DD} = {827E0CD3-B72D-47B6-A68D-7590B98EB39B}
		{683081A2-FEB0-4D05-B7FD-544ABD8BE753} = {827E0CD3-B72D-47B6-A68D-7590B98EB39B}
		{7168CB69-6EC8-4AE3-B8F3-28C0368C8CFF} = {827E0CD3-B72D-47B6-A68D-7590B98EB39B}
	EndGlobalSection
EndGlobal
